
Microsoft Visual Studio Solution File, Format Version 12.00
# Visual Studio Version 16
VisualStudioVersion = 16.0.31229.75
MinimumVisualStudioVersion = 10.0.40219.1
Project("{2150E333-8FDC-42A3-9474-1A3956D46DE8}") = "ShopManagement", "ShopManagement", "{B4465C15-C5CC-440A-9E8C-3BCB7C641336}"
EndProject
Project("{2150E333-8FDC-42A3-9474-1A3956D46DE8}") = "SM.Domain", "SM.Domain", "{9199C70C-6669-446A-9A56-451D531164AB}"
EndProject
Project("{9A19103F-16F7-4668-BE54-9A1E7A4F7556}") = "ShopManagement.Domain", "Domain\ShopManagement.Domain.csproj", "{A8C0248E-7155-4CD9-BB2A-DAC45D8BA353}"
EndProject
Project("{9A19103F-16F7-4668-BE54-9A1E7A4F7556}") = "0_Framework", "0_Framework\0_Framework.csproj", "{CA5A1F71-ED92-4654-9561-11F6A4564E30}"
EndProject
Project("{2150E333-8FDC-42A3-9474-1A3956D46DE8}") = "SM.Application", "SM.Application", "{57B84AF5-7C7C-407A-AF36-DC443A7ADDC6}"
EndProject
Project("{9A19103F-16F7-4668-BE54-9A1E7A4F7556}") = "ShopManagement.Application.Contract", "ShopManagement.Application.Contract\ShopManagement.Application.Contract.csproj", "{7ABEA144-2A62-4C74-8D4F-259EEE5A33B8}"
EndProject
Project("{9A19103F-16F7-4668-BE54-9A1E7A4F7556}") = "ShopManagement.Application", "Shopmanagement.Application\ShopManagement.Application.csproj", "{BFA95EF2-21B4-42F2-85AA-B9A7EBA16D96}"
EndProject
Project("{2150E333-8FDC-42A3-9474-1A3956D46DE8}") = "SM.Infrastructure", "SM.Infrastructure", "{13B1D24C-7969-41C9-A8A6-A6FF99BFD9F9}"
EndProject
Project("{9A19103F-16F7-4668-BE54-9A1E7A4F7556}") = "ShopManagement.Infrastructure.EFCore", "ShopManagement.Infrastructure.EFCore\ShopManagement.Infrastructure.EFCore.csproj", "{AD8F6277-3A47-4B96-A6D8-EDC991BE5F04}"
EndProject
Project("{9A19103F-16F7-4668-BE54-9A1E7A4F7556}") = "ShopManagement.Configuration", "ShopManagement.Configuration\ShopManagement.Configuration.csproj", "{A11D9FAC-942C-4BA9-A129-65526FB92AD5}"
EndProject
Project("{9A19103F-16F7-4668-BE54-9A1E7A4F7556}") = "ServiceHost", "ServiceHost\ServiceHost.csproj", "{A3952550-7D7A-4E43-B7D1-3B1B8E89E66B}"
EndProject
Project("{9A19103F-16F7-4668-BE54-9A1E7A4F7556}") = "01_LampShadeQuery", "01_LampeShadeQuery\01_LampShadeQuery.csproj", "{DE8C871A-5215-45CD-8AEA-3BF6E1329920}"
EndProject
Project("{2150E333-8FDC-42A3-9474-1A3956D46DE8}") = "DiscountManagement", "DiscountManagement", "{8AE0B0CD-4B3E-4A01-9ACF-D3CA63C0242D}"
EndProject
Project("{2150E333-8FDC-42A3-9474-1A3956D46DE8}") = "DM.Domain", "DM.Domain", "{ED184D6E-1735-4C44-8973-63EFB0ABDC95}"
EndProject
Project("{9A19103F-16F7-4668-BE54-9A1E7A4F7556}") = "DiscountManagement.Domain", "DiscountManagement.Domain\DiscountManagement.Domain.csproj", "{6776664F-9F7C-4265-8015-FCB87AFE0B87}"
EndProject
Project("{2150E333-8FDC-42A3-9474-1A3956D46DE8}") = "DM.Application", "DM.Application", "{18422491-9BFA-4871-9536-C172AB2D3425}"
EndProject
Project("{9A19103F-16F7-4668-BE54-9A1E7A4F7556}") = "DiscountManagement.Application.Contract", "DM.Application.Contract\DiscountManagement.Application.Contract.csproj", "{703D5900-523B-4BE1-A22C-DA2B9686D615}"
EndProject
Project("{9A19103F-16F7-4668-BE54-9A1E7A4F7556}") = "DiscountManagement.Application", "DiscountManagement.Application\DiscountManagement.Application.csproj", "{7C68559A-3A36-4049-A791-B9FAC3398D9F}"
EndProject
Project("{2150E333-8FDC-42A3-9474-1A3956D46DE8}") = "DM.Infrastructure", "DM.Infrastructure", "{FBA9AEFF-6EAD-4106-8298-77DD11780184}"
EndProject
Project("{9A19103F-16F7-4668-BE54-9A1E7A4F7556}") = "DiscountManagement.Infrastructure.EFCore", "DiscountManagement.Infrastructure.EFCore\DiscountManagement.Infrastructure.EFCore.csproj", "{22C98363-8F11-427A-8B97-A055125DA167}"
EndProject
Project("{9A19103F-16F7-4668-BE54-9A1E7A4F7556}") = "DiscountManagement.Configuration", "DiscountManagement.Configuration\DiscountManagement.Configuration.csproj", "{94AD5F98-8A43-447B-8B1C-5189BDF57808}"
EndProject
Project("{2150E333-8FDC-42A3-9474-1A3956D46DE8}") = "InventoryManagement", "InventoryManagement", "{C31D59A6-30BE-42DA-9A28-78413C27407F}"
EndProject
Project("{2150E333-8FDC-42A3-9474-1A3956D46DE8}") = "IM.Domain", "IM.Domain", "{E162F765-05EF-4C97-80EC-8747A1F3E67D}"
EndProject
Project("{9A19103F-16F7-4668-BE54-9A1E7A4F7556}") = "InventoryManagement.Domain", "InventoryManagement.Domain\InventoryManagement.Domain.csproj", "{E4428932-289D-46C6-8393-CA139EA182AC}"
EndProject
Project("{2150E333-8FDC-42A3-9474-1A3956D46DE8}") = "IM.Application", "IM.Application", "{3EA6898D-1F19-4043-ABCB-246890FA0367}"
EndProject
Project("{9A19103F-16F7-4668-BE54-9A1E7A4F7556}") = "InventoryManagement.Application.Contract", "InventoryManagenemt.Application.Contract\InventoryManagement.Application.Contract.csproj", "{2D282477-5006-47BF-9F63-D851ACF55FBA}"
EndProject
Project("{2150E333-8FDC-42A3-9474-1A3956D46DE8}") = "IM.Infrastructure", "IM.Infrastructure", "{289246B8-2F79-4944-8BCD-2DFA7788F029}"
EndProject
Project("{9A19103F-16F7-4668-BE54-9A1E7A4F7556}") = "InventoryManagement.Infrastructure.EFCore", "InventoryManagement.Infrastructure.EFCore\InventoryManagement.Infrastructure.EFCore.csproj", "{3732DFDB-895D-4A8C-8772-A53854953B22}"
EndProject
Project("{FAE04EC0-301F-11D3-BF4B-00C04F79EFBC}") = "InventoryManagement.Application", "InventoryManagement.Application\InventoryManagement.Application.csproj", "{62B46997-BE74-4D7C-8554-609DA25814E6}"
EndProject
Project("{FAE04EC0-301F-11D3-BF4B-00C04F79EFBC}") = "InventoryManagement.Infrastructure.Configuration", "InventoryManagement.Infrastructure.Configuration\InventoryManagement.Infrastructure.Configuration.csproj", "{3827F3F1-BADA-484A-94EC-4B1EB15496A6}"
EndProject
Global
	GlobalSection(SolutionConfigurationPlatforms) = preSolution
		Debug|Any CPU = Debug|Any CPU
		Release|Any CPU = Release|Any CPU
	EndGlobalSection
	GlobalSection(ProjectConfigurationPlatforms) = postSolution
		{A8C0248E-7155-4CD9-BB2A-DAC45D8BA353}.Debug|Any CPU.ActiveCfg = Debug|Any CPU
		{A8C0248E-7155-4CD9-BB2A-DAC45D8BA353}.Debug|Any CPU.Build.0 = Debug|Any CPU
		{A8C0248E-7155-4CD9-BB2A-DAC45D8BA353}.Release|Any CPU.ActiveCfg = Release|Any CPU
		{A8C0248E-7155-4CD9-BB2A-DAC45D8BA353}.Release|Any CPU.Build.0 = Release|Any CPU
		{CA5A1F71-ED92-4654-9561-11F6A4564E30}.Debug|Any CPU.ActiveCfg = Debug|Any CPU
		{CA5A1F71-ED92-4654-9561-11F6A4564E30}.Debug|Any CPU.Build.0 = Debug|Any CPU
		{CA5A1F71-ED92-4654-9561-11F6A4564E30}.Release|Any CPU.ActiveCfg = Release|Any CPU
		{CA5A1F71-ED92-4654-9561-11F6A4564E30}.Release|Any CPU.Build.0 = Release|Any CPU
		{7ABEA144-2A62-4C74-8D4F-259EEE5A33B8}.Debug|Any CPU.ActiveCfg = Debug|Any CPU
		{7ABEA144-2A62-4C74-8D4F-259EEE5A33B8}.Debug|Any CPU.Build.0 = Debug|Any CPU
		{7ABEA144-2A62-4C74-8D4F-259EEE5A33B8}.Release|Any CPU.ActiveCfg = Release|Any CPU
		{7ABEA144-2A62-4C74-8D4F-259EEE5A33B8}.Release|Any CPU.Build.0 = Release|Any CPU
		{BFA95EF2-21B4-42F2-85AA-B9A7EBA16D96}.Debug|Any CPU.ActiveCfg = Debug|Any CPU
		{BFA95EF2-21B4-42F2-85AA-B9A7EBA16D96}.Debug|Any CPU.Build.0 = Debug|Any CPU
		{BFA95EF2-21B4-42F2-85AA-B9A7EBA16D96}.Release|Any CPU.ActiveCfg = Release|Any CPU
		{BFA95EF2-21B4-42F2-85AA-B9A7EBA16D96}.Release|Any CPU.Build.0 = Release|Any CPU
		{AD8F6277-3A47-4B96-A6D8-EDC991BE5F04}.Debug|Any CPU.ActiveCfg = Debug|Any CPU
		{AD8F6277-3A47-4B96-A6D8-EDC991BE5F04}.Debug|Any CPU.Build.0 = Debug|Any CPU
		{AD8F6277-3A47-4B96-A6D8-EDC991BE5F04}.Release|Any CPU.ActiveCfg = Release|Any CPU
		{AD8F6277-3A47-4B96-A6D8-EDC991BE5F04}.Release|Any CPU.Build.0 = Release|Any CPU
		{A11D9FAC-942C-4BA9-A129-65526FB92AD5}.Debug|Any CPU.ActiveCfg = Debug|Any CPU
		{A11D9FAC-942C-4BA9-A129-65526FB92AD5}.Debug|Any CPU.Build.0 = Debug|Any CPU
		{A11D9FAC-942C-4BA9-A129-65526FB92AD5}.Release|Any CPU.ActiveCfg = Release|Any CPU
		{A11D9FAC-942C-4BA9-A129-65526FB92AD5}.Release|Any CPU.Build.0 = Release|Any CPU
		{A3952550-7D7A-4E43-B7D1-3B1B8E89E66B}.Debug|Any CPU.ActiveCfg = Debug|Any CPU
		{A3952550-7D7A-4E43-B7D1-3B1B8E89E66B}.Debug|Any CPU.Build.0 = Debug|Any CPU
		{A3952550-7D7A-4E43-B7D1-3B1B8E89E66B}.Release|Any CPU.ActiveCfg = Release|Any CPU
		{A3952550-7D7A-4E43-B7D1-3B1B8E89E66B}.Release|Any CPU.Build.0 = Release|Any CPU
		{DE8C871A-5215-45CD-8AEA-3BF6E1329920}.Debug|Any CPU.ActiveCfg = Debug|Any CPU
		{DE8C871A-5215-45CD-8AEA-3BF6E1329920}.Debug|Any CPU.Build.0 = Debug|Any CPU
		{DE8C871A-5215-45CD-8AEA-3BF6E1329920}.Release|Any CPU.ActiveCfg = Release|Any CPU
		{DE8C871A-5215-45CD-8AEA-3BF6E1329920}.Release|Any CPU.Build.0 = Release|Any CPU
		{6776664F-9F7C-4265-8015-FCB87AFE0B87}.Debug|Any CPU.ActiveCfg = Debug|Any CPU
		{6776664F-9F7C-4265-8015-FCB87AFE0B87}.Debug|Any CPU.Build.0 = Debug|Any CPU
		{6776664F-9F7C-4265-8015-FCB87AFE0B87}.Release|Any CPU.ActiveCfg = Release|Any CPU
		{6776664F-9F7C-4265-8015-FCB87AFE0B87}.Release|Any CPU.Build.0 = Release|Any CPU
		{703D5900-523B-4BE1-A22C-DA2B9686D615}.Debug|Any CPU.ActiveCfg = Debug|Any CPU
		{703D5900-523B-4BE1-A22C-DA2B9686D615}.Debug|Any CPU.Build.0 = Debug|Any CPU
		{703D5900-523B-4BE1-A22C-DA2B9686D615}.Release|Any CPU.ActiveCfg = Release|Any CPU
		{703D5900-523B-4BE1-A22C-DA2B9686D615}.Release|Any CPU.Build.0 = Release|Any CPU
		{7C68559A-3A36-4049-A791-B9FAC3398D9F}.Debug|Any CPU.ActiveCfg = Debug|Any CPU
		{7C68559A-3A36-4049-A791-B9FAC3398D9F}.Debug|Any CPU.Build.0 = Debug|Any CPU
		{7C68559A-3A36-4049-A791-B9FAC3398D9F}.Release|Any CPU.ActiveCfg = Release|Any CPU
		{7C68559A-3A36-4049-A791-B9FAC3398D9F}.Release|Any CPU.Build.0 = Release|Any CPU
		{22C98363-8F11-427A-8B97-A055125DA167}.Debug|Any CPU.ActiveCfg = Debug|Any CPU
		{22C98363-8F11-427A-8B97-A055125DA167}.Debug|Any CPU.Build.0 = Debug|Any CPU
		{22C98363-8F11-427A-8B97-A055125DA167}.Release|Any CPU.ActiveCfg = Release|Any CPU
		{22C98363-8F11-427A-8B97-A055125DA167}.Release|Any CPU.Build.0 = Release|Any CPU
		{94AD5F98-8A43-447B-8B1C-5189BDF57808}.Debug|Any CPU.ActiveCfg = Debug|Any CPU
		{94AD5F98-8A43-447B-8B1C-5189BDF57808}.Debug|Any CPU.Build.0 = Debug|Any CPU
		{94AD5F98-8A43-447B-8B1C-5189BDF57808}.Release|Any CPU.ActiveCfg = Release|Any CPU
		{94AD5F98-8A43-447B-8B1C-5189BDF57808}.Release|Any CPU.Build.0 = Release|Any CPU
		{E4428932-289D-46C6-8393-CA139EA182AC}.Debug|Any CPU.ActiveCfg = Debug|Any CPU
		{E4428932-289D-46C6-8393-CA139EA182AC}.Debug|Any CPU.Build.0 = Debug|Any CPU
		{E4428932-289D-46C6-8393-CA139EA182AC}.Release|Any CPU.ActiveCfg = Release|Any CPU
		{E4428932-289D-46C6-8393-CA139EA182AC}.Release|Any CPU.Build.0 = Release|Any CPU
		{2D282477-5006-47BF-9F63-D851ACF55FBA}.Debug|Any CPU.ActiveCfg = Debug|Any CPU
		{2D282477-5006-47BF-9F63-D851ACF55FBA}.Debug|Any CPU.Build.0 = Debug|Any CPU
		{2D282477-5006-47BF-9F63-D851ACF55FBA}.Release|Any CPU.ActiveCfg = Release|Any CPU
		{2D282477-5006-47BF-9F63-D851ACF55FBA}.Release|Any CPU.Build.0 = Release|Any CPU
		{3732DFDB-895D-4A8C-8772-A53854953B22}.Debug|Any CPU.ActiveCfg = Debug|Any CPU
		{3732DFDB-895D-4A8C-8772-A53854953B22}.Debug|Any CPU.Build.0 = Debug|Any CPU
		{3732DFDB-895D-4A8C-8772-A53854953B22}.Release|Any CPU.ActiveCfg = Release|Any CPU
		{3732DFDB-895D-4A8C-8772-A53854953B22}.Release|Any CPU.Build.0 = Release|Any CPU
		{62B46997-BE74-4D7C-8554-609DA25814E6}.Debug|Any CPU.ActiveCfg = Debug|Any CPU
		{62B46997-BE74-4D7C-8554-609DA25814E6}.Debug|Any CPU.Build.0 = Debug|Any CPU
		{62B46997-BE74-4D7C-8554-609DA25814E6}.Release|Any CPU.ActiveCfg = Release|Any CPU
		{62B46997-BE74-4D7C-8554-609DA25814E6}.Release|Any CPU.Build.0 = Release|Any CPU
		{3827F3F1-BADA-484A-94EC-4B1EB15496A6}.Debug|Any CPU.ActiveCfg = Debug|Any CPU
		{3827F3F1-BADA-484A-94EC-4B1EB15496A6}.Debug|Any CPU.Build.0 = Debug|Any CPU
		{3827F3F1-BADA-484A-94EC-4B1EB15496A6}.Release|Any CPU.ActiveCfg = Release|Any CPU
		{3827F3F1-BADA-484A-94EC-4B1EB15496A6}.Release|Any CPU.Build.0 = Release|Any CPU
	EndGlobalSection
	GlobalSection(SolutionProperties) = preSolution
		HideSolutionNode = FALSE
	EndGlobalSection
	GlobalSection(NestedProjects) = preSolution
		{9199C70C-6669-446A-9A56-451D531164AB} = {B4465C15-C5CC-440A-9E8C-3BCB7C641336}
		{A8C0248E-7155-4CD9-BB2A-DAC45D8BA353} = {9199C70C-6669-446A-9A56-451D531164AB}
		{57B84AF5-7C7C-407A-AF36-DC443A7ADDC6} = {B4465C15-C5CC-440A-9E8C-3BCB7C641336}
		{7ABEA144-2A62-4C74-8D4F-259EEE5A33B8} = {57B84AF5-7C7C-407A-AF36-DC443A7ADDC6}
		{BFA95EF2-21B4-42F2-85AA-B9A7EBA16D96} = {57B84AF5-7C7C-407A-AF36-DC443A7ADDC6}
		{13B1D24C-7969-41C9-A8A6-A6FF99BFD9F9} = {B4465C15-C5CC-440A-9E8C-3BCB7C641336}
		{AD8F6277-3A47-4B96-A6D8-EDC991BE5F04} = {13B1D24C-7969-41C9-A8A6-A6FF99BFD9F9}
		{A11D9FAC-942C-4BA9-A129-65526FB92AD5} = {13B1D24C-7969-41C9-A8A6-A6FF99BFD9F9}
		{ED184D6E-1735-4C44-8973-63EFB0ABDC95} = {8AE0B0CD-4B3E-4A01-9ACF-D3CA63C0242D}
		{6776664F-9F7C-4265-8015-FCB87AFE0B87} = {ED184D6E-1735-4C44-8973-63EFB0ABDC95}
		{18422491-9BFA-4871-9536-C172AB2D3425} = {8AE0B0CD-4B3E-4A01-9ACF-D3CA63C0242D}
		{703D5900-523B-4BE1-A22C-DA2B9686D615} = {18422491-9BFA-4871-9536-C172AB2D3425}
		{7C68559A-3A36-4049-A791-B9FAC3398D9F} = {18422491-9BFA-4871-9536-C172AB2D3425}
		{FBA9AEFF-6EAD-4106-8298-77DD11780184} = {8AE0B0CD-4B3E-4A01-9ACF-D3CA63C0242D}
		{22C98363-8F11-427A-8B97-A055125DA167} = {FBA9AEFF-6EAD-4106-8298-77DD11780184}
		{94AD5F98-8A43-447B-8B1C-5189BDF57808} = {FBA9AEFF-6EAD-4106-8298-77DD11780184}
		{E162F765-05EF-4C97-80EC-8747A1F3E67D} = {C31D59A6-30BE-42DA-9A28-78413C27407F}
		{E4428932-289D-46C6-8393-CA139EA182AC} = {E162F765-05EF-4C97-80EC-8747A1F3E67D}
		{3EA6898D-1F19-4043-ABCB-246890FA0367} = {C31D59A6-30BE-42DA-9A28-78413C27407F}
		{2D282477-5006-47BF-9F63-D851ACF55FBA} = {3EA6898D-1F19-4043-ABCB-246890FA0367}
		{289246B8-2F79-4944-8BCD-2DFA7788F029} = {C31D59A6-30BE-42DA-9A28-78413C27407F}
		{3732DFDB-895D-4A8C-8772-A53854953B22} = {289246B8-2F79-4944-8BCD-2DFA7788F029}
		{62B46997-BE74-4D7C-8554-609DA25814E6} = {3EA6898D-1F19-4043-ABCB-246890FA0367}
		{3827F3F1-BADA-484A-94EC-4B1EB15496A6} = {289246B8-2F79-4944-8BCD-2DFA7788F029}
	EndGlobalSection
	GlobalSection(ExtensibilityGlobals) = postSolution
		SolutionGuid = {E7091D37-83B8-40D3-AAAC-4C484D37AA12}
	EndGlobalSection
EndGlobal
